{
  "requires": true,
  "lockfileVersion": 1,
  "dependencies": {
    "maven": {
      "version": "4.6.0",
      "resolved": "https://registry.npmjs.org/maven/-/maven-4.6.0.tgz",
      "integrity": "sha512-3iIvE2HlQR8S4Ct/4f2AdGFdBzzzNJ97rLOZMNjUOqyFxn5Ek6UE3HM0B2sB3n7eXHXnpj37IZBdIiH3vHBZ6w=="
    }
  }
}
